
Microsoft Visual Studio Solution File, Format Version 12.00
# Visual Studio 14
VisualStudioVersion = 14.0.25420.1
MinimumVisualStudioVersion = 10.0.40219.1
Project("{FAE04EC0-301F-11D3-BF4B-00C04F79EFBC}") = "8_0_Interval-Tree", "8_0_Interval-Tree\8_0_Interval-Tree.csproj", "{C4A3B01C-1A8D-48A3-B3CF-1384D2E973B2}"
EndProject
Project("{FAE04EC0-301F-11D3-BF4B-00C04F79EFBC}") = "Interval-Tree.Tests", "Interval-Tree.Tests\Interval-Tree.Tests.csproj", "{CBB4095C-B557-41C9-B8F8-9D61B4F0F17F}"
EndProject
Global
	GlobalSection(SolutionConfigurationPlatforms) = preSolution
		Debug|Any CPU = Debug|Any CPU
		Release|Any CPU = Release|Any CPU
	EndGlobalSection
	GlobalSection(ProjectConfigurationPlatforms) = postSolution
		{C4A3B01C-1A8D-48A3-B3CF-1384D2E973B2}.Debug|Any CPU.ActiveCfg = Debug|Any CPU
		{C4A3B01C-1A8D-48A3-B3CF-1384D2E973B2}.Debug|Any CPU.Build.0 = Debug|Any CPU
		{C4A3B01C-1A8D-48A3-B3CF-1384D2E973B2}.Release|Any CPU.ActiveCfg = Release|Any CPU
		{C4A3B01C-1A8D-48A3-B3CF-1384D2E973B2}.Release|Any CPU.Build.0 = Release|Any CPU
		{CBB4095C-B557-41C9-B8F8-9D61B4F0F17F}.Debug|Any CPU.ActiveCfg = Debug|Any CPU
		{CBB4095C-B557-41C9-B8F8-9D61B4F0F17F}.Debug|Any CPU.Build.0 = Debug|Any CPU
		{CBB4095C-B557-41C9-B8F8-9D61B4F0F17F}.Release|Any CPU.ActiveCfg = Release|Any CPU
		{CBB4095C-B557-41C9-B8F8-9D61B4F0F17F}.Release|Any CPU.Build.0 = Release|Any CPU
	EndGlobalSection
	GlobalSection(SolutionProperties) = preSolution
		HideSolutionNode = FALSE
	EndGlobalSection
EndGlobal
