
Microsoft Visual Studio Solution File, Format Version 12.00
# Visual Studio 14
VisualStudioVersion = 14.0.25420.1
MinimumVisualStudioVersion = 10.0.40219.1
Project("{FAE04EC0-301F-11D3-BF4B-00C04F79EFBC}") = "9_0_HashTable", "9_0_HashTable\9_0_HashTable.csproj", "{27EAD304-8FCF-4865-B4B1-53F6E229D499}"
EndProject
Project("{FAE04EC0-301F-11D3-BF4B-00C04F79EFBC}") = "HashTable.Tests", "HashTable.Tests\HashTable.Tests.csproj", "{8609F461-DCA3-4E43-994A-C0EE0799C352}"
EndProject
Project("{FAE04EC0-301F-11D3-BF4B-00C04F79EFBC}") = "9_1_Dictionary", "9_1_Dictionary\9_1_Dictionary.csproj", "{D3443073-FE4A-409B-8514-F5C5EA827C67}"
EndProject
Global
	GlobalSection(SolutionConfigurationPlatforms) = preSolution
		Debug|Any CPU = Debug|Any CPU
		Release|Any CPU = Release|Any CPU
	EndGlobalSection
	GlobalSection(ProjectConfigurationPlatforms) = postSolution
		{27EAD304-8FCF-4865-B4B1-53F6E229D499}.Debug|Any CPU.ActiveCfg = Debug|Any CPU
		{27EAD304-8FCF-4865-B4B1-53F6E229D499}.Debug|Any CPU.Build.0 = Debug|Any CPU
		{27EAD304-8FCF-4865-B4B1-53F6E229D499}.Release|Any CPU.ActiveCfg = Release|Any CPU
		{27EAD304-8FCF-4865-B4B1-53F6E229D499}.Release|Any CPU.Build.0 = Release|Any CPU
		{8609F461-DCA3-4E43-994A-C0EE0799C352}.Debug|Any CPU.ActiveCfg = Debug|Any CPU
		{8609F461-DCA3-4E43-994A-C0EE0799C352}.Debug|Any CPU.Build.0 = Debug|Any CPU
		{8609F461-DCA3-4E43-994A-C0EE0799C352}.Release|Any CPU.ActiveCfg = Release|Any CPU
		{8609F461-DCA3-4E43-994A-C0EE0799C352}.Release|Any CPU.Build.0 = Release|Any CPU
		{D3443073-FE4A-409B-8514-F5C5EA827C67}.Debug|Any CPU.ActiveCfg = Debug|Any CPU
		{D3443073-FE4A-409B-8514-F5C5EA827C67}.Debug|Any CPU.Build.0 = Debug|Any CPU
		{D3443073-FE4A-409B-8514-F5C5EA827C67}.Release|Any CPU.ActiveCfg = Release|Any CPU
		{D3443073-FE4A-409B-8514-F5C5EA827C67}.Release|Any CPU.Build.0 = Release|Any CPU
	EndGlobalSection
	GlobalSection(SolutionProperties) = preSolution
		HideSolutionNode = FALSE
	EndGlobalSection
EndGlobal
