
Microsoft Visual Studio Solution File, Format Version 12.00
# Visual Studio 14
VisualStudioVersion = 14.0.25420.1
MinimumVisualStudioVersion = 10.0.40219.1
Project("{FAE04EC0-301F-11D3-BF4B-00C04F79EFBC}") = "5_0_Red-Black-Tree", "5_0_Red-Black-Tree\5_0_Red-Black-Tree.csproj", "{46D9F414-229A-4813-9886-1C7E1710E96C}"
EndProject
Project("{FAE04EC0-301F-11D3-BF4B-00C04F79EFBC}") = "Red-Black_Tree.Tests", "Red-Black_Tree.Tests\Red-Black_Tree.Tests.csproj", "{0FBD6864-1C8D-40C3-BAF8-1D2299E10ECA}"
EndProject
Global
	GlobalSection(SolutionConfigurationPlatforms) = preSolution
		Debug|Any CPU = Debug|Any CPU
		Release|Any CPU = Release|Any CPU
	EndGlobalSection
	GlobalSection(ProjectConfigurationPlatforms) = postSolution
		{46D9F414-229A-4813-9886-1C7E1710E96C}.Debug|Any CPU.ActiveCfg = Debug|Any CPU
		{46D9F414-229A-4813-9886-1C7E1710E96C}.Debug|Any CPU.Build.0 = Debug|Any CPU
		{46D9F414-229A-4813-9886-1C7E1710E96C}.Release|Any CPU.ActiveCfg = Release|Any CPU
		{46D9F414-229A-4813-9886-1C7E1710E96C}.Release|Any CPU.Build.0 = Release|Any CPU
		{0FBD6864-1C8D-40C3-BAF8-1D2299E10ECA}.Debug|Any CPU.ActiveCfg = Debug|Any CPU
		{0FBD6864-1C8D-40C3-BAF8-1D2299E10ECA}.Debug|Any CPU.Build.0 = Debug|Any CPU
		{0FBD6864-1C8D-40C3-BAF8-1D2299E10ECA}.Release|Any CPU.ActiveCfg = Release|Any CPU
		{0FBD6864-1C8D-40C3-BAF8-1D2299E10ECA}.Release|Any CPU.Build.0 = Release|Any CPU
	EndGlobalSection
	GlobalSection(SolutionProperties) = preSolution
		HideSolutionNode = FALSE
	EndGlobalSection
EndGlobal
