
Microsoft Visual Studio Solution File, Format Version 12.00
# Visual Studio 14
VisualStudioVersion = 14.0.25420.1
MinimumVisualStudioVersion = 10.0.40219.1
Project("{FAE04EC0-301F-11D3-BF4B-00C04F79EFBC}") = "7_0_Trie", "7_0_Trie\7_0_Trie.csproj", "{7134D205-82FF-48F9-BF63-A036C560A86D}"
EndProject
Project("{FAE04EC0-301F-11D3-BF4B-00C04F79EFBC}") = "Trie.Tests", "Trie.Tests\Trie.Tests.csproj", "{E328CA14-EA83-4A00-80AC-C1B37568B027}"
EndProject
Global
	GlobalSection(SolutionConfigurationPlatforms) = preSolution
		Debug|Any CPU = Debug|Any CPU
		Release|Any CPU = Release|Any CPU
	EndGlobalSection
	GlobalSection(ProjectConfigurationPlatforms) = postSolution
		{7134D205-82FF-48F9-BF63-A036C560A86D}.Debug|Any CPU.ActiveCfg = Debug|Any CPU
		{7134D205-82FF-48F9-BF63-A036C560A86D}.Debug|Any CPU.Build.0 = Debug|Any CPU
		{7134D205-82FF-48F9-BF63-A036C560A86D}.Release|Any CPU.ActiveCfg = Release|Any CPU
		{7134D205-82FF-48F9-BF63-A036C560A86D}.Release|Any CPU.Build.0 = Release|Any CPU
		{E328CA14-EA83-4A00-80AC-C1B37568B027}.Debug|Any CPU.ActiveCfg = Debug|Any CPU
		{E328CA14-EA83-4A00-80AC-C1B37568B027}.Debug|Any CPU.Build.0 = Debug|Any CPU
		{E328CA14-EA83-4A00-80AC-C1B37568B027}.Release|Any CPU.ActiveCfg = Release|Any CPU
		{E328CA14-EA83-4A00-80AC-C1B37568B027}.Release|Any CPU.Build.0 = Release|Any CPU
	EndGlobalSection
	GlobalSection(SolutionProperties) = preSolution
		HideSolutionNode = FALSE
	EndGlobalSection
EndGlobal
